// !$*UTF8*$!
{
	archiveVersion = 1;
	classes = {
	};
	objectVersion = 55;
	objects = {

/* Begin PBXBuildFile section */
		65A97BD6297DDFA50005C235 /* testSet.cpp in Sources */ = {isa = PBXBuildFile; fileRef = 65A97BD5297DDFA50005C235 /* testSet.cpp */; };
		65A97BDE297DE0650005C235 /* Set.cpp in Sources */ = {isa = PBXBuildFile; fileRef = 65A97BDC297DE0650005C235 /* Set.cpp */; };
		65A97BE7297E4D440005C235 /* CardSet.cpp in Sources */ = {isa = PBXBuildFile; fileRef = 65A97BE6297E4D440005C235 /* CardSet.cpp */; };
		65A97BE9297E4D560005C235 /* testCardSet.cpp in Sources */ = {isa = PBXBuildFile; fileRef = 65A97BE8297E4D560005C235 /* testCardSet.cpp */; };
		65A97BEC297E53660005C235 /* newSet.cpp in Sources */ = {isa = PBXBuildFile; fileRef = 65A97BEB297E53660005C235 /* newSet.cpp */; };
		65A97BEE297E53740005C235 /* testnewSet.cpp in Sources */ = {isa = PBXBuildFile; fileRef = 65A97BED297E53740005C235 /* testnewSet.cpp */; };
/* End PBXBuildFile section */

/* Begin PBXCopyFilesBuildPhase section */
		65A97BD0297DDFA50005C235 /* CopyFiles */ = {
			isa = PBXCopyFilesBuildPhase;
			buildActionMask = 2147483647;
			dstPath = /usr/share/man/man1/;
			dstSubfolderSpec = 0;
			files = (
			);
			runOnlyForDeploymentPostprocessing = 1;
		};
/* End PBXCopyFilesBuildPhase section */

/* Begin PBXFileReference section */
		65A97BD2297DDFA50005C235 /* Homework1 */ = {isa = PBXFileReference; explicitFileType = "compiled.mach-o.executable"; includeInIndex = 0; path = Homework1; sourceTree = BUILT_PRODUCTS_DIR; };
		65A97BD5297DDFA50005C235 /* testSet.cpp */ = {isa = PBXFileReference; lastKnownFileType = sourcecode.cpp.cpp; path = testSet.cpp; sourceTree = "<group>"; };
		65A97BDC297DE0650005C235 /* Set.cpp */ = {isa = PBXFileReference; lastKnownFileType = sourcecode.cpp.cpp; path = Set.cpp; sourceTree = "<group>"; };
		65A97BDF297DE4CA0005C235 /* Set.h */ = {isa = PBXFileReference; lastKnownFileType = sourcecode.c.h; path = Set.h; sourceTree = "<group>"; };
		65A97BE6297E4D440005C235 /* CardSet.cpp */ = {isa = PBXFileReference; lastKnownFileType = sourcecode.cpp.cpp; path = CardSet.cpp; sourceTree = "<group>"; };
		65A97BE8297E4D560005C235 /* testCardSet.cpp */ = {isa = PBXFileReference; lastKnownFileType = sourcecode.cpp.cpp; path = testCardSet.cpp; sourceTree = "<group>"; };
		65A97BEA297E4D690005C235 /* CardSet.h */ = {isa = PBXFileReference; lastKnownFileType = sourcecode.c.h; path = CardSet.h; sourceTree = "<group>"; };
		65A97BEB297E53660005C235 /* newSet.cpp */ = {isa = PBXFileReference; lastKnownFileType = sourcecode.cpp.cpp; path = newSet.cpp; sourceTree = "<group>"; };
		65A97BED297E53740005C235 /* testnewSet.cpp */ = {isa = PBXFileReference; lastKnownFileType = sourcecode.cpp.cpp; path = testnewSet.cpp; sourceTree = "<group>"; };
		65A97BEF297E53860005C235 /* newSet.h */ = {isa = PBXFileReference; lastKnownFileType = sourcecode.c.h; path = newSet.h; sourceTree = "<group>"; };
/* End PBXFileReference section */

/* Begin PBXFrameworksBuildPhase section */
		65A97BCF297DDFA50005C235 /* Frameworks */ = {
			isa = PBXFrameworksBuildPhase;
			buildActionMask = 2147483647;
			files = (
			);
			runOnlyForDeploymentPostprocessing = 0;
		};
/* End PBXFrameworksBuildPhase section */

/* Begin PBXGroup section */
		65A97BC9297DDFA50005C235 = {
			isa = PBXGroup;
			children = (
				65A97BD4297DDFA50005C235 /* Homework1 */,
				65A97BD3297DDFA50005C235 /* Products */,
			);
			sourceTree = "<group>";
		};
		65A97BD3297DDFA50005C235 /* Products */ = {
			isa = PBXGroup;
			children = (
				65A97BD2297DDFA50005C235 /* Homework1 */,
			);
			name = Products;
			sourceTree = "<group>";
		};
		65A97BD4297DDFA50005C235 /* Homework1 */ = {
			isa = PBXGroup;
			children = (
				65A97BDC297DE0650005C235 /* Set.cpp */,
				65A97BDF297DE4CA0005C235 /* Set.h */,
				65A97BD5297DDFA50005C235 /* testSet.cpp */,
				65A97BE6297E4D440005C235 /* CardSet.cpp */,
				65A97BEA297E4D690005C235 /* CardSet.h */,
				65A97BE8297E4D560005C235 /* testCardSet.cpp */,
				65A97BEB297E53660005C235 /* newSet.cpp */,
				65A97BEF297E53860005C235 /* newSet.h */,
				65A97BED297E53740005C235 /* testnewSet.cpp */,
			);
			path = Homework1;
			sourceTree = "<group>";
		};
/* End PBXGroup section */

/* Begin PBXNativeTarget section */
		65A97BD1297DDFA50005C235 /* Homework1 */ = {
			isa = PBXNativeTarget;
			buildConfigurationList = 65A97BD9297DDFA50005C235 /* Build configuration list for PBXNativeTarget "Homework1" */;
			buildPhases = (
				65A97BCE297DDFA50005C235 /* Sources */,
				65A97BCF297DDFA50005C235 /* Frameworks */,
				65A97BD0297DDFA50005C235 /* CopyFiles */,
			);
			buildRules = (
			);
			dependencies = (
			);
			name = Homework1;
			productName = Homework1;
			productReference = 65A97BD2297DDFA50005C235 /* Homework1 */;
			productType = "com.apple.product-type.tool";
		};
/* End PBXNativeTarget section */

/* Begin PBXProject section */
		65A97BCA297DDFA50005C235 /* Project object */ = {
			isa = PBXProject;
			attributes = {
				BuildIndependentTargetsInParallel = 1;
				LastUpgradeCheck = 1340;
				TargetAttributes = {
					65A97BD1297DDFA50005C235 = {
						CreatedOnToolsVersion = 13.4.1;
					};
				};
			};
			buildConfigurationList = 65A97BCD297DDFA50005C235 /* Build configuration list for PBXProject "Homework1" */;
			compatibilityVersion = "Xcode 13.0";
			developmentRegion = en;
			hasScannedForEncodings = 0;
			knownRegions = (
				en,
				Base,
			);
			mainGroup = 65A97BC9297DDFA50005C235;
			productRefGroup = 65A97BD3297DDFA50005C235 /* Products */;
			projectDirPath = "";
			projectRoot = "";
			targets = (
				65A97BD1297DDFA50005C235 /* Homework1 */,
			);
		};
/* End PBXProject section */

/* Begin PBXSourcesBuildPhase section */
		65A97BCE297DDFA50005C235 /* Sources */ = {
			isa = PBXSourcesBuildPhase;
			buildActionMask = 2147483647;
			files = (
				65A97BEC297E53660005C235 /* newSet.cpp in Sources */,
				65A97BDE297DE0650005C235 /* Set.cpp in Sources */,
				65A97BE7297E4D440005C235 /* CardSet.cpp in Sources */,
				65A97BEE297E53740005C235 /* testnewSet.cpp in Sources */,
				65A97BE9297E4D560005C235 /* testCardSet.cpp in Sources */,
				65A97BD6297DDFA50005C235 /* testSet.cpp in Sources */,
			);
			runOnlyForDeploymentPostprocessing = 0;
		};
/* End PBXSourcesBuildPhase section */

/* Begin XCBuildConfiguration section */
		65A97BD7297DDFA50005C235 /* Debug */ = {
			isa = XCBuildConfiguration;
			buildSettings = {
				ALWAYS_SEARCH_USER_PATHS = NO;
				CLANG_ANALYZER_NONNULL = YES;
				CLANG_ANALYZER_NUMBER_OBJECT_CONVERSION = YES_AGGRESSIVE;
				CLANG_CXX_LANGUAGE_STANDARD = "gnu++17";
				CLANG_ENABLE_MODULES = YES;
				CLANG_ENABLE_OBJC_ARC = YES;
				CLANG_ENABLE_OBJC_WEAK = YES;
				CLANG_WARN_BLOCK_CAPTURE_AUTORELEASING = YES;
				CLANG_WARN_BOOL_CONVERSION = YES;
				CLANG_WARN_COMMA = YES;
				CLANG_WARN_CONSTANT_CONVERSION = YES;
				CLANG_WARN_DEPRECATED_OBJC_IMPLEMENTATIONS = YES;
				CLANG_WARN_DIRECT_OBJC_ISA_USAGE = YES_ERROR;
				CLANG_WARN_DOCUMENTATION_COMMENTS = YES;
				CLANG_WARN_EMPTY_BODY = YES;
				CLANG_WARN_ENUM_CONVERSION = YES;
				CLANG_WARN_INFINITE_RECURSION = YES;
				CLANG_WARN_INT_CONVERSION = YES;
				CLANG_WARN_NON_LITERAL_NULL_CONVERSION = YES;
				CLANG_WARN_OBJC_IMPLICIT_RETAIN_SELF = YES;
				CLANG_WARN_OBJC_LITERAL_CONVERSION = YES;
				CLANG_WARN_OBJC_ROOT_CLASS = YES_ERROR;
				CLANG_WARN_QUOTED_INCLUDE_IN_FRAMEWORK_HEADER = YES;
				CLANG_WARN_RANGE_LOOP_ANALYSIS = YES;
				CLANG_WARN_STRICT_PROTOTYPES = YES;
				CLANG_WARN_SUSPICIOUS_MOVE = YES;
				CLANG_WARN_UNGUARDED_AVAILABILITY = YES_AGGRESSIVE;
				CLANG_WARN_UNREACHABLE_CODE = YES;
				CLANG_WARN__DUPLICATE_METHOD_MATCH = YES;
				COPY_PHASE_STRIP = NO;
				DEBUG_INFORMATION_FORMAT = dwarf;
				ENABLE_STRICT_OBJC_MSGSEND = YES;
				ENABLE_TESTABILITY = YES;
				GCC_C_LANGUAGE_STANDARD = gnu11;
				GCC_DYNAMIC_NO_PIC = NO;
				GCC_NO_COMMON_BLOCKS = YES;
				GCC_OPTIMIZATION_LEVEL = 0;
				GCC_PREPROCESSOR_DEFINITIONS = (
					"DEBUG=1",
					"$(inherited)",
				);
				GCC_WARN_64_TO_32_BIT_CONVERSION = YES;
				GCC_WARN_ABOUT_RETURN_TYPE = YES_ERROR;
				GCC_WARN_UNDECLARED_SELECTOR = YES;
				GCC_WARN_UNINITIALIZED_AUTOS = YES_AGGRESSIVE;
				GCC_WARN_UNUSED_FUNCTION = YES;
				GCC_WARN_UNUSED_VARIABLE = YES;
				MACOSX_DEPLOYMENT_TARGET = 12.3;
				MTL_ENABLE_DEBUG_INFO = INCLUDE_SOURCE;
				MTL_FAST_MATH = YES;
				ONLY_ACTIVE_ARCH = YES;
				SDKROOT = macosx;
			};
			name = Debug;
		};
		65A97BD8297DDFA50005C235 /* Release */ = {
			isa = XCBuildConfiguration;
			buildSettings = {
				ALWAYS_SEARCH_USER_PATHS = NO;
				CLANG_ANALYZER_NONNULL = YES;
				CLANG_ANALYZER_NUMBER_OBJECT_CONVERSION = YES_AGGRESSIVE;
				CLANG_CXX_LANGUAGE_STANDARD = "gnu++17";
				CLANG_ENABLE_MODULES = YES;
				CLANG_ENABLE_OBJC_ARC = YES;
				CLANG_ENABLE_OBJC_WEAK = YES;
				CLANG_WARN_BLOCK_CAPTURE_AUTORELEASING = YES;
				CLANG_WARN_BOOL_CONVERSION = YES;
				CLANG_WARN_COMMA = YES;
				CLANG_WARN_CONSTANT_CONVERSION = YES;
				CLANG_WARN_DEPRECATED_OBJC_IMPLEMENTATIONS = YES;
				CLANG_WARN_DIRECT_OBJC_ISA_USAGE = YES_ERROR;
				CLANG_WARN_DOCUMENTATION_COMMENTS = YES;
				CLANG_WARN_EMPTY_BODY = YES;
				CLANG_WARN_ENUM_CONVERSION = YES;
				CLANG_WARN_INFINITE_RECURSION = YES;
				CLANG_WARN_INT_CONVERSION = YES;
				CLANG_WARN_NON_LITERAL_NULL_CONVERSION = YES;
				CLANG_WARN_OBJC_IMPLICIT_RETAIN_SELF = YES;
				CLANG_WARN_OBJC_LITERAL_CONVERSION = YES;
				CLANG_WARN_OBJC_ROOT_CLASS = YES_ERROR;
				CLANG_WARN_QUOTED_INCLUDE_IN_FRAMEWORK_HEADER = YES;
				CLANG_WARN_RANGE_LOOP_ANALYSIS = YES;
				CLANG_WARN_STRICT_PROTOTYPES = YES;
				CLANG_WARN_SUSPICIOUS_MOVE = YES;
				CLANG_WARN_UNGUARDED_AVAILABILITY = YES_AGGRESSIVE;
				CLANG_WARN_UNREACHABLE_CODE = YES;
				CLANG_WARN__DUPLICATE_METHOD_MATCH = YES;
				COPY_PHASE_STRIP = NO;
				DEBUG_INFORMATION_FORMAT = "dwarf-with-dsym";
				ENABLE_NS_ASSERTIONS = NO;
				ENABLE_STRICT_OBJC_MSGSEND = YES;
				GCC_C_LANGUAGE_STANDARD = gnu11;
				GCC_NO_COMMON_BLOCKS = YES;
				GCC_WARN_64_TO_32_BIT_CONVERSION = YES;
				GCC_WARN_ABOUT_RETURN_TYPE = YES_ERROR;
				GCC_WARN_UNDECLARED_SELECTOR = YES;
				GCC_WARN_UNINITIALIZED_AUTOS = YES_AGGRESSIVE;
				GCC_WARN_UNUSED_FUNCTION = YES;
				GCC_WARN_UNUSED_VARIABLE = YES;
				MACOSX_DEPLOYMENT_TARGET = 12.3;
				MTL_ENABLE_DEBUG_INFO = NO;
				MTL_FAST_MATH = YES;
				SDKROOT = macosx;
			};
			name = Release;
		};
		65A97BDA297DDFA50005C235 /* Debug */ = {
			isa = XCBuildConfiguration;
			buildSettings = {
				CODE_SIGN_STYLE = Automatic;
				PRODUCT_NAME = "$(TARGET_NAME)";
			};
			name = Debug;
		};
		65A97BDB297DDFA50005C235 /* Release */ = {
			isa = XCBuildConfiguration;
			buildSettings = {
				CODE_SIGN_STYLE = Automatic;
				PRODUCT_NAME = "$(TARGET_NAME)";
			};
			name = Release;
		};
/* End XCBuildConfiguration section */

/* Begin XCConfigurationList section */
		65A97BCD297DDFA50005C235 /* Build configuration list for PBXProject "Homework1" */ = {
			isa = XCConfigurationList;
			buildConfigurations = (
				65A97BD7297DDFA50005C235 /* Debug */,
				65A97BD8297DDFA50005C235 /* Release */,
			);
			defaultConfigurationIsVisible = 0;
			defaultConfigurationName = Release;
		};
		65A97BD9297DDFA50005C235 /* Build configuration list for PBXNativeTarget "Homework1" */ = {
			isa = XCConfigurationList;
			buildConfigurations = (
				65A97BDA297DDFA50005C235 /* Debug */,
				65A97BDB297DDFA50005C235 /* Release */,
			);
			defaultConfigurationIsVisible = 0;
			defaultConfigurationName = Release;
		};
/* End XCConfigurationList section */
	};
	rootObject = 65A97BCA297DDFA50005C235 /* Project object */;
}
